{
  "name": "dotrino-social-bot",
  "version": "0.1.0",
  "lockfileVersion": 3,
  "requires": true,
  "packages": {
    "": {
      "name": "dotrino-social-bot",
      "version": "0.1.0",
      "license": "MIT",
      "dependencies": {
        "@dotrino/geo": "0.2.1",
        "@dotrino/identity": "0.56.0",
        "@dotrino/proxy-client": "0.10.1",
        "@dotrino/vault": "0.29.0"
      },
      "bin": {
        "dotrino-social-bot": "bin/cli.js"
      },
      "engines": {
        "node": ">=22"
      }
    },
    "node_modules/@dotrino/geo": {
      "version": "0.2.1",
      "resolved": "https://registry.npmjs.org/@dotrino/geo/-/geo-0.2.1.tgz",
      "integrity": "sha512-rABBeKburHfPiVizpeZuW2NagbdLQ/sRf+UPqiHlwreHjULdgR76jzVxAz6R7A4TFvM3cp9dFUmUPA1PfymFMg==",
      "license": "MIT",
      "dependencies": {
        "@dotrino/identity": "0.53.0"
      }
    },
    "node_modules/@dotrino/geo/node_modules/@dotrino/identity": {
      "version": "0.53.0",
      "resolved": "https://registry.npmjs.org/@dotrino/identity/-/identity-0.53.0.tgz",
      "integrity": "sha512-swKQFL42wjtmyo6kd7LfBsapy9qUHwopwkDZXdQZvPT0KyQw40rYWiFKVA0+zd/GuG5gVlBffzs+gGGUMP5nsg==",
      "license": "MIT",
      "dependencies": {
        "@dotrino/proxy-client": "0.10.0"
      }
    },
    "node_modules/@dotrino/geo/node_modules/@dotrino/proxy-client": {
      "version": "0.10.0",
      "resolved": "https://registry.npmjs.org/@dotrino/proxy-client/-/proxy-client-0.10.0.tgz",
      "integrity": "sha512-qnm7OsSWd1mcye2V5F5PmoO+F7kxYBvfPMK1Ad9dnN0s4YNVEsBe8oz/UIdElezCd2r53hF1FGL9MTK64a+fhQ==",
      "license": "MIT"
    },
    "node_modules/@dotrino/identity": {
      "version": "0.56.0",
      "resolved": "https://registry.npmjs.org/@dotrino/identity/-/identity-0.56.0.tgz",
      "integrity": "sha512-Z206W2HntY9HbAJ6mURVrOXhMcwdXAjRJFkUoZuD4JeoaDvUfH3YxhNqBLuSqWFdGVzrsjRO2oQL/IPvQ2Co5A==",
      "license": "MIT",
      "dependencies": {
        "@dotrino/proxy-client": "0.10.1"
      }
    },
    "node_modules/@dotrino/proxy-client": {
      "version": "0.10.1",
      "resolved": "https://registry.npmjs.org/@dotrino/proxy-client/-/proxy-client-0.10.1.tgz",
      "integrity": "sha512-9w8S3nZI93PxYnqov1PWWul/nsX39sj3yUbJV3plDSsYZReglkHcauGgTbAK9kh6vWvygOySvMF4nUujYtW2Cg==",
      "license": "MIT"
    },
    "node_modules/@dotrino/vault": {
      "version": "0.29.0",
      "resolved": "https://registry.npmjs.org/@dotrino/vault/-/vault-0.29.0.tgz",
      "integrity": "sha512-1PaJJY2XSm7q9VtZHe2G5XX7AZMtzHsQhBovtAyy8oKRG/dhKvpy2uSV2Y+pF1OIZTiYG4cP+7ZqEHGa110ksw==",
      "license": "MIT",
      "bin": {
        "dotrino-env": "bin/dotrino-env.js"
      },
      "peerDependencies": {
        "@dotrino/identity": ">=0.56.0",
        "@dotrino/proxy-client": ">=0.9.0"
      }
    }
  }
}
