{
  "name": "dotrino-social-bot",
  "version": "0.1.0",
  "lockfileVersion": 3,
  "requires": true,
  "packages": {
    "": {
      "name": "dotrino-social-bot",
      "version": "0.1.0",
      "license": "MIT",
      "dependencies": {
        "@dotrino/content-client": "0.2.3",
        "@dotrino/geo": "0.2.1",
        "@dotrino/identity": "0.60.3",
        "@dotrino/proxy-client": "0.10.1",
        "@dotrino/remote-agent": "0.5.3",
        "@dotrino/vault": "0.30.0"
      },
      "bin": {
        "dotrino-social-bot": "bin/cli.js"
      },
      "engines": {
        "node": ">=22"
      }
    },
    "node_modules/@dotrino/content-client": {
      "version": "0.2.3",
      "resolved": "https://registry.npmjs.org/@dotrino/content-client/-/content-client-0.2.3.tgz",
      "integrity": "sha512-LQ42WEJFMXulozOvYt3E1AzwaRcgMOrp5Ccbk6gkVdMUg6W57yvyp51WSFT6sLmXJspf5Jkts1YPQyGO0oe97A==",
      "license": "MIT",
      "engines": {
        "node": ">=18"
      },
      "peerDependencies": {
        "@dotrino/identity": ">=0.53.0",
        "@dotrino/remote-agent": ">=0.4.0"
      }
    },
    "node_modules/@dotrino/geo": {
      "version": "0.2.1",
      "resolved": "https://registry.npmjs.org/@dotrino/geo/-/geo-0.2.1.tgz",
      "integrity": "sha512-rABBeKburHfPiVizpeZuW2NagbdLQ/sRf+UPqiHlwreHjULdgR76jzVxAz6R7A4TFvM3cp9dFUmUPA1PfymFMg==",
      "license": "MIT",
      "dependencies": {
        "@dotrino/identity": "0.53.0"
      }
    },
    "node_modules/@dotrino/geo/node_modules/@dotrino/identity": {
      "version": "0.53.0",
      "resolved": "https://registry.npmjs.org/@dotrino/identity/-/identity-0.53.0.tgz",
      "integrity": "sha512-swKQFL42wjtmyo6kd7LfBsapy9qUHwopwkDZXdQZvPT0KyQw40rYWiFKVA0+zd/GuG5gVlBffzs+gGGUMP5nsg==",
      "license": "MIT",
      "dependencies": {
        "@dotrino/proxy-client": "0.10.0"
      }
    },
    "node_modules/@dotrino/geo/node_modules/@dotrino/proxy-client": {
      "version": "0.10.0",
      "resolved": "https://registry.npmjs.org/@dotrino/proxy-client/-/proxy-client-0.10.0.tgz",
      "integrity": "sha512-qnm7OsSWd1mcye2V5F5PmoO+F7kxYBvfPMK1Ad9dnN0s4YNVEsBe8oz/UIdElezCd2r53hF1FGL9MTK64a+fhQ==",
      "license": "MIT"
    },
    "node_modules/@dotrino/identity": {
      "version": "0.60.3",
      "resolved": "https://registry.npmjs.org/@dotrino/identity/-/identity-0.60.3.tgz",
      "integrity": "sha512-z/LSFeqWHX9zrul6u7NvHlJcEpmeR+MaVb1A7D1Tv5M80CdBWch3rbbkdHw1YRwIZWL/mNwrWNdIaOtumgPCJQ==",
      "license": "MIT",
      "dependencies": {
        "@dotrino/proxy-client": "^0.11.0"
      }
    },
    "node_modules/@dotrino/identity/node_modules/@dotrino/proxy-client": {
      "version": "0.11.0",
      "resolved": "https://registry.npmjs.org/@dotrino/proxy-client/-/proxy-client-0.11.0.tgz",
      "integrity": "sha512-bT8xGxmGWak8fIVQUynMht/E1+/p/K42zEotwkddgm5O2MgRgN5az0y3UAxvFqsseQFfysXcIAtzURgggJnEeA==",
      "license": "MIT"
    },
    "node_modules/@dotrino/proxy-client": {
      "version": "0.10.1",
      "resolved": "https://registry.npmjs.org/@dotrino/proxy-client/-/proxy-client-0.10.1.tgz",
      "integrity": "sha512-9w8S3nZI93PxYnqov1PWWul/nsX39sj3yUbJV3plDSsYZReglkHcauGgTbAK9kh6vWvygOySvMF4nUujYtW2Cg==",
      "license": "MIT"
    },
    "node_modules/@dotrino/remote-agent": {
      "version": "0.5.3",
      "resolved": "https://registry.npmjs.org/@dotrino/remote-agent/-/remote-agent-0.5.3.tgz",
      "integrity": "sha512-dF7VfxUuPTdehFcTJK+DecrSSC7WjaokWDaNKQ1Ter2QOTzaxBQhgS7ovZVZOV7HGEbgcAEVTK8cLWw3cVDVhA==",
      "license": "MIT",
      "dependencies": {
        "ws": "8.21.0"
      },
      "engines": {
        "node": ">=18"
      },
      "peerDependencies": {
        "@dotrino/identity": ">=0.56.0",
        "@dotrino/proxy-client": ">=0.10.1",
        "@dotrino/vault": ">=0.30.0"
      }
    },
    "node_modules/@dotrino/vault": {
      "version": "0.30.0",
      "resolved": "https://registry.npmjs.org/@dotrino/vault/-/vault-0.30.0.tgz",
      "integrity": "sha512-XBXNG2OH3zDHejXAKF/TYmImsJi7GoToKpGFQnIqKiv9j13nwkTdeP8EeEL0xI6n61+Av7WgB5EWVYf5viKsrA==",
      "license": "MIT",
      "bin": {
        "dotrino-env": "bin/dotrino-env.js"
      },
      "peerDependencies": {
        "@dotrino/identity": ">=0.56.0",
        "@dotrino/proxy-client": ">=0.9.0"
      }
    },
    "node_modules/ws": {
      "version": "8.21.0",
      "resolved": "https://registry.npmjs.org/ws/-/ws-8.21.0.tgz",
      "integrity": "sha512-Vsp28b7DRcimFQvrqu2Wek3z1iYxDCWqHYB8Qsnk/S4RfaCQzPGPyBNuVjJV3cd6UiKtUtp6sNM77gWvzcCH+g==",
      "license": "MIT",
      "engines": {
        "node": ">=10.0.0"
      },
      "peerDependencies": {
        "bufferutil": "^4.0.1",
        "utf-8-validate": ">=5.0.2"
      },
      "peerDependenciesMeta": {
        "bufferutil": {
          "optional": true
        },
        "utf-8-validate": {
          "optional": true
        }
      }
    }
  }
}
